
Microsoft Visual Studio Solution File, Format Version 12.00
# Visual Studio 15
VisualStudioVersion = 15.0.26430.16
MinimumVisualStudioVersion = 10.0.40219.1
Project("{FAE04EC0-301F-11D3-BF4B-00C04F79EFBC}") = "StatusBarSpecificsDemo", "StatusBarSpecificsDemo\StatusBarSpecificsDemo\StatusBarSpecificsDemo.csproj", "{68B4024A-8659-4D79-B0A6-D1411ECE2886}"
EndProject
Project("{FAE04EC0-301F-11D3-BF4B-00C04F79EFBC}") = "StatusBarSpecificsDemo.Droid", "StatusBarSpecificsDemo\StatusBarSpecificsDemo.Droid\StatusBarSpecificsDemo.Droid.csproj", "{B8F21D7B-7F42-4EAE-801B-B252C596B271}"
EndProject
Project("{FAE04EC0-301F-11D3-BF4B-00C04F79EFBC}") = "StatusBarSpecificsDemo.iOS", "StatusBarSpecificsDemo\StatusBarSpecificsDemo.iOS\StatusBarSpecificsDemo.iOS.csproj", "{888E10C6-010E-43FC-ADED-A81C866F3164}"
EndProject
Global
	GlobalSection(SolutionConfigurationPlatforms) = preSolution
		Ad-Hoc|Any CPU = Ad-Hoc|Any CPU
		Ad-Hoc|iPhone = Ad-Hoc|iPhone
		Ad-Hoc|iPhoneSimulator = Ad-Hoc|iPhoneSimulator
		AppStore|Any CPU = AppStore|Any CPU
		AppStore|iPhone = AppStore|iPhone
		AppStore|iPhoneSimulator = AppStore|iPhoneSimulator
		Debug|Any CPU = Debug|Any CPU
		Debug|iPhone = Debug|iPhone
		Debug|iPhoneSimulator = Debug|iPhoneSimulator
		Release|Any CPU = Release|Any CPU
		Release|iPhone = Release|iPhone
		Release|iPhoneSimulator = Release|iPhoneSimulator
	EndGlobalSection
	GlobalSection(ProjectConfigurationPlatforms) = postSolution
		{68B4024A-8659-4D79-B0A6-D1411ECE2886}.Ad-Hoc|Any CPU.ActiveCfg = Release|Any CPU
		{68B4024A-8659-4D79-B0A6-D1411ECE2886}.Ad-Hoc|Any CPU.Build.0 = Release|Any CPU
		{68B4024A-8659-4D79-B0A6-D1411ECE2886}.Ad-Hoc|iPhone.ActiveCfg = Release|Any CPU
		{68B4024A-8659-4D79-B0A6-D1411ECE2886}.Ad-Hoc|iPhone.Build.0 = Release|Any CPU
		{68B4024A-8659-4D79-B0A6-D1411ECE2886}.Ad-Hoc|iPhoneSimulator.ActiveCfg = Release|Any CPU
		{68B4024A-8659-4D79-B0A6-D1411ECE2886}.Ad-Hoc|iPhoneSimulator.Build.0 = Release|Any CPU
		{68B4024A-8659-4D79-B0A6-D1411ECE2886}.AppStore|Any CPU.ActiveCfg = Release|Any CPU
		{68B4024A-8659-4D79-B0A6-D1411ECE2886}.AppStore|Any CPU.Build.0 = Release|Any CPU
		{68B4024A-8659-4D79-B0A6-D1411ECE2886}.AppStore|iPhone.ActiveCfg = Release|Any CPU
		{68B4024A-8659-4D79-B0A6-D1411ECE2886}.AppStore|iPhone.Build.0 = Release|Any CPU
		{68B4024A-8659-4D79-B0A6-D1411ECE2886}.AppStore|iPhoneSimulator.ActiveCfg = Release|Any CPU
		{68B4024A-8659-4D79-B0A6-D1411ECE2886}.AppStore|iPhoneSimulator.Build.0 = Release|Any CPU
		{68B4024A-8659-4D79-B0A6-D1411ECE2886}.Debug|Any CPU.ActiveCfg = Debug|Any CPU
		{68B4024A-8659-4D79-B0A6-D1411ECE2886}.Debug|Any CPU.Build.0 = Debug|Any CPU
		{68B4024A-8659-4D79-B0A6-D1411ECE2886}.Debug|iPhone.ActiveCfg = Debug|Any CPU
		{68B4024A-8659-4D79-B0A6-D1411ECE2886}.Debug|iPhone.Build.0 = Debug|Any CPU
		{68B4024A-8659-4D79-B0A6-D1411ECE2886}.Debug|iPhoneSimulator.ActiveCfg = Debug|Any CPU
		{68B4024A-8659-4D79-B0A6-D1411ECE2886}.Debug|iPhoneSimulator.Build.0 = Debug|Any CPU
		{68B4024A-8659-4D79-B0A6-D1411ECE2886}.Release|Any CPU.ActiveCfg = Release|Any CPU
		{68B4024A-8659-4D79-B0A6-D1411ECE2886}.Release|Any CPU.Build.0 = Release|Any CPU
		{68B4024A-8659-4D79-B0A6-D1411ECE2886}.Release|iPhone.ActiveCfg = Release|Any CPU
		{68B4024A-8659-4D79-B0A6-D1411ECE2886}.Release|iPhone.Build.0 = Release|Any CPU
		{68B4024A-8659-4D79-B0A6-D1411ECE2886}.Release|iPhoneSimulator.ActiveCfg = Release|Any CPU
		{68B4024A-8659-4D79-B0A6-D1411ECE2886}.Release|iPhoneSimulator.Build.0 = Release|Any CPU
		{B8F21D7B-7F42-4EAE-801B-B252C596B271}.Ad-Hoc|Any CPU.ActiveCfg = Release|Any CPU
		{B8F21D7B-7F42-4EAE-801B-B252C596B271}.Ad-Hoc|Any CPU.Build.0 = Release|Any CPU
		{B8F21D7B-7F42-4EAE-801B-B252C596B271}.Ad-Hoc|Any CPU.Deploy.0 = Release|Any CPU
		{B8F21D7B-7F42-4EAE-801B-B252C596B271}.Ad-Hoc|iPhone.ActiveCfg = Release|Any CPU
		{B8F21D7B-7F42-4EAE-801B-B252C596B271}.Ad-Hoc|iPhone.Build.0 = Release|Any CPU
		{B8F21D7B-7F42-4EAE-801B-B252C596B271}.Ad-Hoc|iPhone.Deploy.0 = Release|Any CPU
		{B8F21D7B-7F42-4EAE-801B-B252C596B271}.Ad-Hoc|iPhoneSimulator.ActiveCfg = Release|Any CPU
		{B8F21D7B-7F42-4EAE-801B-B252C596B271}.Ad-Hoc|iPhoneSimulator.Build.0 = Release|Any CPU
		{B8F21D7B-7F42-4EAE-801B-B252C596B271}.Ad-Hoc|iPhoneSimulator.Deploy.0 = Release|Any CPU
		{B8F21D7B-7F42-4EAE-801B-B252C596B271}.AppStore|Any CPU.ActiveCfg = Release|Any CPU
		{B8F21D7B-7F42-4EAE-801B-B252C596B271}.AppStore|Any CPU.Build.0 = Release|Any CPU
		{B8F21D7B-7F42-4EAE-801B-B252C596B271}.AppStore|Any CPU.Deploy.0 = Release|Any CPU
		{B8F21D7B-7F42-4EAE-801B-B252C596B271}.AppStore|iPhone.ActiveCfg = Release|Any CPU
		{B8F21D7B-7F42-4EAE-801B-B252C596B271}.AppStore|iPhone.Build.0 = Release|Any CPU
		{B8F21D7B-7F42-4EAE-801B-B252C596B271}.AppStore|iPhone.Deploy.0 = Release|Any CPU
		{B8F21D7B-7F42-4EAE-801B-B252C596B271}.AppStore|iPhoneSimulator.ActiveCfg = Release|Any CPU
		{B8F21D7B-7F42-4EAE-801B-B252C596B271}.AppStore|iPhoneSimulator.Build.0 = Release|Any CPU
		{B8F21D7B-7F42-4EAE-801B-B252C596B271}.AppStore|iPhoneSimulator.Deploy.0 = Release|Any CPU
		{B8F21D7B-7F42-4EAE-801B-B252C596B271}.Debug|Any CPU.ActiveCfg = Debug|Any CPU
		{B8F21D7B-7F42-4EAE-801B-B252C596B271}.Debug|Any CPU.Build.0 = Debug|Any CPU
		{B8F21D7B-7F42-4EAE-801B-B252C596B271}.Debug|Any CPU.Deploy.0 = Debug|Any CPU
		{B8F21D7B-7F42-4EAE-801B-B252C596B271}.Debug|iPhone.ActiveCfg = Debug|Any CPU
		{B8F21D7B-7F42-4EAE-801B-B252C596B271}.Debug|iPhone.Build.0 = Debug|Any CPU
		{B8F21D7B-7F42-4EAE-801B-B252C596B271}.Debug|iPhone.Deploy.0 = Debug|Any CPU
		{B8F21D7B-7F42-4EAE-801B-B252C596B271}.Debug|iPhoneSimulator.ActiveCfg = Debug|Any CPU
		{B8F21D7B-7F42-4EAE-801B-B252C596B271}.Debug|iPhoneSimulator.Build.0 = Debug|Any CPU
		{B8F21D7B-7F42-4EAE-801B-B252C596B271}.Debug|iPhoneSimulator.Deploy.0 = Debug|Any CPU
		{B8F21D7B-7F42-4EAE-801B-B252C596B271}.Release|Any CPU.ActiveCfg = Release|Any CPU
		{B8F21D7B-7F42-4EAE-801B-B252C596B271}.Release|Any CPU.Build.0 = Release|Any CPU
		{B8F21D7B-7F42-4EAE-801B-B252C596B271}.Release|Any CPU.Deploy.0 = Release|Any CPU
		{B8F21D7B-7F42-4EAE-801B-B252C596B271}.Release|iPhone.ActiveCfg = Release|Any CPU
		{B8F21D7B-7F42-4EAE-801B-B252C596B271}.Release|iPhone.Build.0 = Release|Any CPU
		{B8F21D7B-7F42-4EAE-801B-B252C596B271}.Release|iPhone.Deploy.0 = Release|Any CPU
		{B8F21D7B-7F42-4EAE-801B-B252C596B271}.Release|iPhoneSimulator.ActiveCfg = Release|Any CPU
		{B8F21D7B-7F42-4EAE-801B-B252C596B271}.Release|iPhoneSimulator.Build.0 = Release|Any CPU
		{B8F21D7B-7F42-4EAE-801B-B252C596B271}.Release|iPhoneSimulator.Deploy.0 = Release|Any CPU
		{888E10C6-010E-43FC-ADED-A81C866F3164}.Ad-Hoc|Any CPU.ActiveCfg = Ad-Hoc|iPhone
		{888E10C6-010E-43FC-ADED-A81C866F3164}.Ad-Hoc|iPhone.ActiveCfg = Ad-Hoc|iPhone
		{888E10C6-010E-43FC-ADED-A81C866F3164}.Ad-Hoc|iPhone.Build.0 = Ad-Hoc|iPhone
		{888E10C6-010E-43FC-ADED-A81C866F3164}.Ad-Hoc|iPhoneSimulator.ActiveCfg = Ad-Hoc|iPhoneSimulator
		{888E10C6-010E-43FC-ADED-A81C866F3164}.Ad-Hoc|iPhoneSimulator.Build.0 = Ad-Hoc|iPhoneSimulator
		{888E10C6-010E-43FC-ADED-A81C866F3164}.AppStore|Any CPU.ActiveCfg = AppStore|iPhone
		{888E10C6-010E-43FC-ADED-A81C866F3164}.AppStore|iPhone.ActiveCfg = AppStore|iPhone
		{888E10C6-010E-43FC-ADED-A81C866F3164}.AppStore|iPhone.Build.0 = AppStore|iPhone
		{888E10C6-010E-43FC-ADED-A81C866F3164}.AppStore|iPhoneSimulator.ActiveCfg = AppStore|iPhoneSimulator
		{888E10C6-010E-43FC-ADED-A81C866F3164}.AppStore|iPhoneSimulator.Build.0 = AppStore|iPhoneSimulator
		{888E10C6-010E-43FC-ADED-A81C866F3164}.Debug|Any CPU.ActiveCfg = Debug|iPhone
		{888E10C6-010E-43FC-ADED-A81C866F3164}.Debug|iPhone.ActiveCfg = Debug|iPhone
		{888E10C6-010E-43FC-ADED-A81C866F3164}.Debug|iPhone.Build.0 = Debug|iPhone
		{888E10C6-010E-43FC-ADED-A81C866F3164}.Debug|iPhoneSimulator.ActiveCfg = Debug|iPhoneSimulator
		{888E10C6-010E-43FC-ADED-A81C866F3164}.Debug|iPhoneSimulator.Build.0 = Debug|iPhoneSimulator
		{888E10C6-010E-43FC-ADED-A81C866F3164}.Release|Any CPU.ActiveCfg = Release|iPhone
		{888E10C6-010E-43FC-ADED-A81C866F3164}.Release|iPhone.ActiveCfg = Release|iPhone
		{888E10C6-010E-43FC-ADED-A81C866F3164}.Release|iPhone.Build.0 = Release|iPhone
		{888E10C6-010E-43FC-ADED-A81C866F3164}.Release|iPhoneSimulator.ActiveCfg = Release|iPhoneSimulator
		{888E10C6-010E-43FC-ADED-A81C866F3164}.Release|iPhoneSimulator.Build.0 = Release|iPhoneSimulator
	EndGlobalSection
	GlobalSection(SolutionProperties) = preSolution
		HideSolutionNode = FALSE
	EndGlobalSection
EndGlobal
